
Microsoft Visual Studio Solution File, Format Version 12.00
# Visual Studio 15
Project("{FAE04EC0-301F-11D3-BF4B-00C04F79EFBC}") = "Assembly-CSharp", "Assembly-CSharp.csproj", "{3C3A0C11-C310-8C6E-7277-47533493617F}"
EndProject
Project("{FAE04EC0-301F-11D3-BF4B-00C04F79EFBC}") = "Oculus.VR", "Oculus.VR.csproj", "{EEB620C7-7C96-4E3E-E632-A3CFC0116E32}"
EndProject
Project("{FAE04EC0-301F-11D3-BF4B-00C04F79EFBC}") = "Assembly-CSharp-Editor", "Assembly-CSharp-Editor.csproj", "{8365038C-340D-A931-6B14-020F03E27E61}"
EndProject
Project("{FAE04EC0-301F-11D3-BF4B-00C04F79EFBC}") = "Oculus.VR.Scripts.Editor", "Oculus.VR.Scripts.Editor.csproj", "{9062AE00-6495-4D33-1705-DE5E10E62015}"
EndProject
Project("{FAE04EC0-301F-11D3-BF4B-00C04F79EFBC}") = "Oculus.VR.Editor", "Oculus.VR.Editor.csproj", "{D6A257EA-89A3-8A56-22F9-97F7604B6F4C}"
EndProject
Global
	GlobalSection(SolutionConfigurationPlatforms) = preSolution
		Debug|Any CPU = Debug|Any CPU
		Release|Any CPU = Release|Any CPU
	EndGlobalSection
	GlobalSection(ProjectConfigurationPlatforms) = postSolution
		{3C3A0C11-C310-8C6E-7277-47533493617F}.Debug|Any CPU.ActiveCfg = Debug|Any CPU
		{3C3A0C11-C310-8C6E-7277-47533493617F}.Debug|Any CPU.Build.0 = Debug|Any CPU
		{3C3A0C11-C310-8C6E-7277-47533493617F}.Release|Any CPU.ActiveCfg = Release|Any CPU
		{3C3A0C11-C310-8C6E-7277-47533493617F}.Release|Any CPU.Build.0 = Release|Any CPU
		{EEB620C7-7C96-4E3E-E632-A3CFC0116E32}.Debug|Any CPU.ActiveCfg = Debug|Any CPU
		{EEB620C7-7C96-4E3E-E632-A3CFC0116E32}.Debug|Any CPU.Build.0 = Debug|Any CPU
		{EEB620C7-7C96-4E3E-E632-A3CFC0116E32}.Release|Any CPU.ActiveCfg = Release|Any CPU
		{EEB620C7-7C96-4E3E-E632-A3CFC0116E32}.Release|Any CPU.Build.0 = Release|Any CPU
		{8365038C-340D-A931-6B14-020F03E27E61}.Debug|Any CPU.ActiveCfg = Debug|Any CPU
		{8365038C-340D-A931-6B14-020F03E27E61}.Debug|Any CPU.Build.0 = Debug|Any CPU
		{8365038C-340D-A931-6B14-020F03E27E61}.Release|Any CPU.ActiveCfg = Release|Any CPU
		{8365038C-340D-A931-6B14-020F03E27E61}.Release|Any CPU.Build.0 = Release|Any CPU
		{9062AE00-6495-4D33-1705-DE5E10E62015}.Debug|Any CPU.ActiveCfg = Debug|Any CPU
		{9062AE00-6495-4D33-1705-DE5E10E62015}.Debug|Any CPU.Build.0 = Debug|Any CPU
		{9062AE00-6495-4D33-1705-DE5E10E62015}.Release|Any CPU.ActiveCfg = Release|Any CPU
		{9062AE00-6495-4D33-1705-DE5E10E62015}.Release|Any CPU.Build.0 = Release|Any CPU
		{D6A257EA-89A3-8A56-22F9-97F7604B6F4C}.Debug|Any CPU.ActiveCfg = Debug|Any CPU
		{D6A257EA-89A3-8A56-22F9-97F7604B6F4C}.Debug|Any CPU.Build.0 = Debug|Any CPU
		{D6A257EA-89A3-8A56-22F9-97F7604B6F4C}.Release|Any CPU.ActiveCfg = Release|Any CPU
		{D6A257EA-89A3-8A56-22F9-97F7604B6F4C}.Release|Any CPU.Build.0 = Release|Any CPU
	EndGlobalSection
	GlobalSection(SolutionProperties) = preSolution
		HideSolutionNode = FALSE
	EndGlobalSection
EndGlobal
